// !$*UTF8*$!
{
	archiveVersion = 1;
	classes = {
	};
	objectVersion = 56;
	objects = {

/* Begin PBXBuildFile section */
		87F8EF552CC8F2B200F4DA11 /* AppDelegate.swift in Sources */ = {isa = PBXBuildFile; fileRef = 87F8EF542CC8F2B200F4DA11 /* AppDelegate.swift */; };
		87F8EF572CC8F2B200F4DA11 /* SceneDelegate.swift in Sources */ = {isa = PBXBuildFile; fileRef = 87F8EF562CC8F2B200F4DA11 /* SceneDelegate.swift */; };
		87F8EF592CC8F2B200F4DA11 /* ViewController.swift in Sources */ = {isa = PBXBuildFile; fileRef = 87F8EF582CC8F2B200F4DA11 /* ViewController.swift */; };
		87F8EF5C2CC8F2B200F4DA11 /* Base in Resources */ = {isa = PBXBuildFile; fileRef = 87F8EF5B2CC8F2B200F4DA11 /* Base */; };
		87F8EF5E2CC8F2B300F4DA11 /* Assets.xcassets in Resources */ = {isa = PBXBuildFile; fileRef = 87F8EF5D2CC8F2B300F4DA11 /* Assets.xcassets */; };
		87F8EF612CC8F2B300F4DA11 /* Base in Resources */ = {isa = PBXBuildFile; fileRef = 87F8EF602CC8F2B300F4DA11 /* Base */; };
		87F8EF6C2CC8F2B300F4DA11 /* simple_clockTests.swift in Sources */ = {isa = PBXBuildFile; fileRef = 87F8EF6B2CC8F2B300F4DA11 /* simple_clockTests.swift */; };
		87F8EF762CC8F2B300F4DA11 /* simple_clockUITests.swift in Sources */ = {isa = PBXBuildFile; fileRef = 87F8EF752CC8F2B300F4DA11 /* simple_clockUITests.swift */; };
		87F8EF782CC8F2B300F4DA11 /* simple_clockUITestsLaunchTests.swift in Sources */ = {isa = PBXBuildFile; fileRef = 87F8EF772CC8F2B300F4DA11 /* simple_clockUITestsLaunchTests.swift */; };
/* End PBXBuildFile section */

/* Begin PBXContainerItemProxy section */
		87F8EF682CC8F2B300F4DA11 /* PBXContainerItemProxy */ = {
			isa = PBXContainerItemProxy;
			containerPortal = 87F8EF492CC8F2B200F4DA11 /* Project object */;
			proxyType = 1;
			remoteGlobalIDString = 87F8EF502CC8F2B200F4DA11;
			remoteInfo = simple_clock;
		};
		87F8EF722CC8F2B300F4DA11 /* PBXContainerItemProxy */ = {
			isa = PBXContainerItemProxy;
			containerPortal = 87F8EF492CC8F2B200F4DA11 /* Project object */;
			proxyType = 1;
			remoteGlobalIDString = 87F8EF502CC8F2B200F4DA11;
			remoteInfo = simple_clock;
		};
/* End PBXContainerItemProxy section */

/* Begin PBXFileReference section */
		87F8EF512CC8F2B200F4DA11 /* simple_clock.app */ = {isa = PBXFileReference; explicitFileType = wrapper.application; includeInIndex = 0; path = simple_clock.app; sourceTree = BUILT_PRODUCTS_DIR; };
		87F8EF542CC8F2B200F4DA11 /* AppDelegate.swift */ = {isa = PBXFileReference; lastKnownFileType = sourcecode.swift; path = AppDelegate.swift; sourceTree = "<group>"; };
		87F8EF562CC8F2B200F4DA11 /* SceneDelegate.swift */ = {isa = PBXFileReference; lastKnownFileType = sourcecode.swift; path = SceneDelegate.swift; sourceTree = "<group>"; };
		87F8EF582CC8F2B200F4DA11 /* ViewController.swift */ = {isa = PBXFileReference; lastKnownFileType = sourcecode.swift; path = ViewController.swift; sourceTree = "<group>"; };
		87F8EF5B2CC8F2B200F4DA11 /* Base */ = {isa = PBXFileReference; lastKnownFileType = file.storyboard; name = Base; path = Base.lproj/Main.storyboard; sourceTree = "<group>"; };
		87F8EF5D2CC8F2B300F4DA11 /* Assets.xcassets */ = {isa = PBXFileReference; lastKnownFileType = folder.assetcatalog; path = Assets.xcassets; sourceTree = "<group>"; };
		87F8EF602CC8F2B300F4DA11 /* Base */ = {isa = PBXFileReference; lastKnownFileType = file.storyboard; name = Base; path = Base.lproj/LaunchScreen.storyboard; sourceTree = "<group>"; };
		87F8EF622CC8F2B300F4DA11 /* Info.plist */ = {isa = PBXFileReference; lastKnownFileType = text.plist.xml; path = Info.plist; sourceTree = "<group>"; };
		87F8EF672CC8F2B300F4DA11 /* simple_clockTests.xctest */ = {isa = PBXFileReference; explicitFileType = wrapper.cfbundle; includeInIndex = 0; path = simple_clockTests.xctest; sourceTree = BUILT_PRODUCTS_DIR; };
		87F8EF6B2CC8F2B300F4DA11 /* simple_clockTests.swift */ = {isa = PBXFileReference; lastKnownFileType = sourcecode.swift; path = simple_clockTests.swift; sourceTree = "<group>"; };
		87F8EF712CC8F2B300F4DA11 /* simple_clockUITests.xctest */ = {isa = PBXFileReference; explicitFileType = wrapper.cfbundle; includeInIndex = 0; path = simple_clockUITests.xctest; sourceTree = BUILT_PRODUCTS_DIR; };
		87F8EF752CC8F2B300F4DA11 /* simple_clockUITests.swift */ = {isa = PBXFileReference; lastKnownFileType = sourcecode.swift; path = simple_clockUITests.swift; sourceTree = "<group>"; };
		87F8EF772CC8F2B300F4DA11 /* simple_clockUITestsLaunchTests.swift */ = {isa = PBXFileReference; lastKnownFileType = sourcecode.swift; path = simple_clockUITestsLaunchTests.swift; sourceTree = "<group>"; };
/* End PBXFileReference section */

/* Begin PBXFrameworksBuildPhase section */
		87F8EF4E2CC8F2B200F4DA11 /* Frameworks */ = {
			isa = PBXFrameworksBuildPhase;
			buildActionMask = 2147483647;
			files = (
			);
			runOnlyForDeploymentPostprocessing = 0;
		};
		87F8EF642CC8F2B300F4DA11 /* Frameworks */ = {
			isa = PBXFrameworksBuildPhase;
			buildActionMask = 2147483647;
			files = (
			);
			runOnlyForDeploymentPostprocessing = 0;
		};
		87F8EF6E2CC8F2B300F4DA11 /* Frameworks */ = {
			isa = PBXFrameworksBuildPhase;
			buildActionMask = 2147483647;
			files = (
			);
			runOnlyForDeploymentPostprocessing = 0;
		};
/* End PBXFrameworksBuildPhase section */

/* Begin PBXGroup section */
		87F8EF482CC8F2B200F4DA11 = {
			isa = PBXGroup;
			children = (
				87F8EF532CC8F2B200F4DA11 /* simple_clock */,
				87F8EF6A2CC8F2B300F4DA11 /* simple_clockTests */,
				87F8EF742CC8F2B300F4DA11 /* simple_clockUITests */,
				87F8EF522CC8F2B200F4DA11 /* Products */,
			);
			sourceTree = "<group>";
		};
		87F8EF522CC8F2B200F4DA11 /* Products */ = {
			isa = PBXGroup;
			children = (
				87F8EF512CC8F2B200F4DA11 /* simple_clock.app */,
				87F8EF672CC8F2B300F4DA11 /* simple_clockTests.xctest */,
				87F8EF712CC8F2B300F4DA11 /* simple_clockUITests.xctest */,
			);
			name = Products;
			sourceTree = "<group>";
		};
		87F8EF532CC8F2B200F4DA11 /* simple_clock */ = {
			isa = PBXGroup;
			children = (
				87F8EF542CC8F2B200F4DA11 /* AppDelegate.swift */,
				87F8EF562CC8F2B200F4DA11 /* SceneDelegate.swift */,
				87F8EF582CC8F2B200F4DA11 /* ViewController.swift */,
				87F8EF5A2CC8F2B200F4DA11 /* Main.storyboard */,
				87F8EF5D2CC8F2B300F4DA11 /* Assets.xcassets */,
				87F8EF5F2CC8F2B300F4DA11 /* LaunchScreen.storyboard */,
				87F8EF622CC8F2B300F4DA11 /* Info.plist */,
			);
			path = simple_clock;
			sourceTree = "<group>";
		};
		87F8EF6A2CC8F2B300F4DA11 /* simple_clockTests */ = {
			isa = PBXGroup;
			children = (
				87F8EF6B2CC8F2B300F4DA11 /* simple_clockTests.swift */,
			);
			path = simple_clockTests;
			sourceTree = "<group>";
		};
		87F8EF742CC8F2B300F4DA11 /* simple_clockUITests */ = {
			isa = PBXGroup;
			children = (
				87F8EF752CC8F2B300F4DA11 /* simple_clockUITests.swift */,
				87F8EF772CC8F2B300F4DA11 /* simple_clockUITestsLaunchTests.swift */,
			);
			path = simple_clockUITests;
			sourceTree = "<group>";
		};
/* End PBXGroup section */

/* Begin PBXNativeTarget section */
		87F8EF502CC8F2B200F4DA11 /* simple_clock */ = {
			isa = PBXNativeTarget;
			buildConfigurationList = 87F8EF7B2CC8F2B300F4DA11 /* Build configuration list for PBXNativeTarget "simple_clock" */;
			buildPhases = (
				87F8EF4D2CC8F2B200F4DA11 /* Sources */,
				87F8EF4E2CC8F2B200F4DA11 /* Frameworks */,
				87F8EF4F2CC8F2B200F4DA11 /* Resources */,
			);
			buildRules = (
			);
			dependencies = (
			);
			name = simple_clock;
			productName = simple_clock;
			productReference = 87F8EF512CC8F2B200F4DA11 /* simple_clock.app */;
			productType = "com.apple.product-type.application";
		};
		87F8EF662CC8F2B300F4DA11 /* simple_clockTests */ = {
			isa = PBXNativeTarget;
			buildConfigurationList = 87F8EF7E2CC8F2B300F4DA11 /* Build configuration list for PBXNativeTarget "simple_clockTests" */;
			buildPhases = (
				87F8EF632CC8F2B300F4DA11 /* Sources */,
				87F8EF642CC8F2B300F4DA11 /* Frameworks */,
				87F8EF652CC8F2B300F4DA11 /* Resources */,
			);
			buildRules = (
			);
			dependencies = (
				87F8EF692CC8F2B300F4DA11 /* PBXTargetDependency */,
			);
			name = simple_clockTests;
			productName = simple_clockTests;
			productReference = 87F8EF672CC8F2B300F4DA11 /* simple_clockTests.xctest */;
			productType = "com.apple.product-type.bundle.unit-test";
		};
		87F8EF702CC8F2B300F4DA11 /* simple_clockUITests */ = {
			isa = PBXNativeTarget;
			buildConfigurationList = 87F8EF812CC8F2B300F4DA11 /* Build configuration list for PBXNativeTarget "simple_clockUITests" */;
			buildPhases = (
				87F8EF6D2CC8F2B300F4DA11 /* Sources */,
				87F8EF6E2CC8F2B300F4DA11 /* Frameworks */,
				87F8EF6F2CC8F2B300F4DA11 /* Resources */,
			);
			buildRules = (
			);
			dependencies = (
				87F8EF732CC8F2B300F4DA11 /* PBXTargetDependency */,
			);
			name = simple_clockUITests;
			productName = simple_clockUITests;
			productReference = 87F8EF712CC8F2B300F4DA11 /* simple_clockUITests.xctest */;
			productType = "com.apple.product-type.bundle.ui-testing";
		};
/* End PBXNativeTarget section */

/* Begin PBXProject section */
		87F8EF492CC8F2B200F4DA11 /* Project object */ = {
			isa = PBXProject;
			attributes = {
				BuildIndependentTargetsInParallel = 1;
				LastSwiftUpdateCheck = 1530;
				LastUpgradeCheck = 1530;
				TargetAttributes = {
					87F8EF502CC8F2B200F4DA11 = {
						CreatedOnToolsVersion = 15.3;
					};
					87F8EF662CC8F2B300F4DA11 = {
						CreatedOnToolsVersion = 15.3;
						TestTargetID = 87F8EF502CC8F2B200F4DA11;
					};
					87F8EF702CC8F2B300F4DA11 = {
						CreatedOnToolsVersion = 15.3;
						TestTargetID = 87F8EF502CC8F2B200F4DA11;
					};
				};
			};
			buildConfigurationList = 87F8EF4C2CC8F2B200F4DA11 /* Build configuration list for PBXProject "simple_clock" */;
			compatibilityVersion = "Xcode 14.0";
			developmentRegion = en;
			hasScannedForEncodings = 0;
			knownRegions = (
				en,
				Base,
			);
			mainGroup = 87F8EF482CC8F2B200F4DA11;
			productRefGroup = 87F8EF522CC8F2B200F4DA11 /* Products */;
			projectDirPath = "";
			projectRoot = "";
			targets = (
				87F8EF502CC8F2B200F4DA11 /* simple_clock */,
				87F8EF662CC8F2B300F4DA11 /* simple_clockTests */,
				87F8EF702CC8F2B300F4DA11 /* simple_clockUITests */,
			);
		};
/* End PBXProject section */

/* Begin PBXResourcesBuildPhase section */
		87F8EF4F2CC8F2B200F4DA11 /* Resources */ = {
			isa = PBXResourcesBuildPhase;
			buildActionMask = 2147483647;
			files = (
				87F8EF5E2CC8F2B300F4DA11 /* Assets.xcassets in Resources */,
				87F8EF612CC8F2B300F4DA11 /* Base in Resources */,
				87F8EF5C2CC8F2B200F4DA11 /* Base in Resources */,
			);
			runOnlyForDeploymentPostprocessing = 0;
		};
		87F8EF652CC8F2B300F4DA11 /* Resources */ = {
			isa = PBXResourcesBuildPhase;
			buildActionMask = 2147483647;
			files = (
			);
			runOnlyForDeploymentPostprocessing = 0;
		};
		87F8EF6F2CC8F2B300F4DA11 /* Resources */ = {
			isa = PBXResourcesBuildPhase;
			buildActionMask = 2147483647;
			files = (
			);
			runOnlyForDeploymentPostprocessing = 0;
		};
/* End PBXResourcesBuildPhase section */

/* Begin PBXSourcesBuildPhase section */
		87F8EF4D2CC8F2B200F4DA11 /* Sources */ = {
			isa = PBXSourcesBuildPhase;
			buildActionMask = 2147483647;
			files = (
				87F8EF592CC8F2B200F4DA11 /* ViewController.swift in Sources */,
				87F8EF552CC8F2B200F4DA11 /* AppDelegate.swift in Sources */,
				87F8EF572CC8F2B200F4DA11 /* SceneDelegate.swift in Sources */,
			);
			runOnlyForDeploymentPostprocessing = 0;
		};
		87F8EF632CC8F2B300F4DA11 /* Sources */ = {
			isa = PBXSourcesBuildPhase;
			buildActionMask = 2147483647;
			files = (
				87F8EF6C2CC8F2B300F4DA11 /* simple_clockTests.swift in Sources */,
			);
			runOnlyForDeploymentPostprocessing = 0;
		};
		87F8EF6D2CC8F2B300F4DA11 /* Sources */ = {
			isa = PBXSourcesBuildPhase;
			buildActionMask = 2147483647;
			files = (
				87F8EF762CC8F2B300F4DA11 /* simple_clockUITests.swift in Sources */,
				87F8EF782CC8F2B300F4DA11 /* simple_clockUITestsLaunchTests.swift in Sources */,
			);
			runOnlyForDeploymentPostprocessing = 0;
		};
/* End PBXSourcesBuildPhase section */

/* Begin PBXTargetDependency section */
		87F8EF692CC8F2B300F4DA11 /* PBXTargetDependency */ = {
			isa = PBXTargetDependency;
			target = 87F8EF502CC8F2B200F4DA11 /* simple_clock */;
			targetProxy = 87F8EF682CC8F2B300F4DA11 /* PBXContainerItemProxy */;
		};
		87F8EF732CC8F2B300F4DA11 /* PBXTargetDependency */ = {
			isa = PBXTargetDependency;
			target = 87F8EF502CC8F2B200F4DA11 /* simple_clock */;
			targetProxy = 87F8EF722CC8F2B300F4DA11 /* PBXContainerItemProxy */;
		};
/* End PBXTargetDependency section */

/* Begin PBXVariantGroup section */
		87F8EF5A2CC8F2B200F4DA11 /* Main.storyboard */ = {
			isa = PBXVariantGroup;
			children = (
				87F8EF5B2CC8F2B200F4DA11 /* Base */,
			);
			name = Main.storyboard;
			sourceTree = "<group>";
		};
		87F8EF5F2CC8F2B300F4DA11 /* LaunchScreen.storyboard */ = {
			isa = PBXVariantGroup;
			children = (
				87F8EF602CC8F2B300F4DA11 /* Base */,
			);
			name = LaunchScreen.storyboard;
			sourceTree = "<group>";
		};
/* End PBXVariantGroup section */

/* Begin XCBuildConfiguration section */
		87F8EF792CC8F2B300F4DA11 /* Debug */ = {
			isa = XCBuildConfiguration;
			buildSettings = {
				ALWAYS_SEARCH_USER_PATHS = NO;
				ASSETCATALOG_COMPILER_GENERATE_SWIFT_ASSET_SYMBOL_EXTENSIONS = YES;
				CLANG_ANALYZER_NONNULL = YES;
				CLANG_ANALYZER_NUMBER_OBJECT_CONVERSION = YES_AGGRESSIVE;
				CLANG_CXX_LANGUAGE_STANDARD = "gnu++20";
				CLANG_ENABLE_MODULES = YES;
				CLANG_ENABLE_OBJC_ARC = YES;
				CLANG_ENABLE_OBJC_WEAK = YES;
				CLANG_WARN_BLOCK_CAPTURE_AUTORELEASING = YES;
				CLANG_WARN_BOOL_CONVERSION = YES;
				CLANG_WARN_COMMA = YES;
				CLANG_WARN_CONSTANT_CONVERSION = YES;
				CLANG_WARN_DEPRECATED_OBJC_IMPLEMENTATIONS = YES;
				CLANG_WARN_DIRECT_OBJC_ISA_USAGE = YES_ERROR;
				CLANG_WARN_DOCUMENTATION_COMMENTS = YES;
				CLANG_WARN_EMPTY_BODY = YES;
				CLANG_WARN_ENUM_CONVERSION = YES;
				CLANG_WARN_INFINITE_RECURSION = YES;
				CLANG_WARN_INT_CONVERSION = YES;
				CLANG_WARN_NON_LITERAL_NULL_CONVERSION = YES;
				CLANG_WARN_OBJC_IMPLICIT_RETAIN_SELF = YES;
				CLANG_WARN_OBJC_LITERAL_CONVERSION = YES;
				CLANG_WARN_OBJC_ROOT_CLASS = YES_ERROR;
				CLANG_WARN_QUOTED_INCLUDE_IN_FRAMEWORK_HEADER = YES;
				CLANG_WARN_RANGE_LOOP_ANALYSIS = YES;
				CLANG_WARN_STRICT_PROTOTYPES = YES;
				CLANG_WARN_SUSPICIOUS_MOVE = YES;
				CLANG_WARN_UNGUARDED_AVAILABILITY = YES_AGGRESSIVE;
				CLANG_WARN_UNREACHABLE_CODE = YES;
				CLANG_WARN__DUPLICATE_METHOD_MATCH = YES;
				COPY_PHASE_STRIP = NO;
				DEBUG_INFORMATION_FORMAT = dwarf;
				ENABLE_STRICT_OBJC_MSGSEND = YES;
				ENABLE_TESTABILITY = YES;
				ENABLE_USER_SCRIPT_SANDBOXING = YES;
				GCC_C_LANGUAGE_STANDARD = gnu17;
				GCC_DYNAMIC_NO_PIC = NO;
				GCC_NO_COMMON_BLOCKS = YES;
				GCC_OPTIMIZATION_LEVEL = 0;
				GCC_PREPROCESSOR_DEFINITIONS = (
					"DEBUG=1",
					"$(inherited)",
				);
				GCC_WARN_64_TO_32_BIT_CONVERSION = YES;
				GCC_WARN_ABOUT_RETURN_TYPE = YES_ERROR;
				GCC_WARN_UNDECLARED_SELECTOR = YES;
				GCC_WARN_UNINITIALIZED_AUTOS = YES_AGGRESSIVE;
				GCC_WARN_UNUSED_FUNCTION = YES;
				GCC_WARN_UNUSED_VARIABLE = YES;
				IPHONEOS_DEPLOYMENT_TARGET = 17.4;
				LOCALIZATION_PREFERS_STRING_CATALOGS = YES;
				MTL_ENABLE_DEBUG_INFO = INCLUDE_SOURCE;
				MTL_FAST_MATH = YES;
				ONLY_ACTIVE_ARCH = YES;
				SDKROOT = iphoneos;
				SWIFT_ACTIVE_COMPILATION_CONDITIONS = "DEBUG $(inherited)";
				SWIFT_OPTIMIZATION_LEVEL = "-Onone";
			};
			name = Debug;
		};
		87F8EF7A2CC8F2B300F4DA11 /* Release */ = {
			isa = XCBuildConfiguration;
			buildSettings = {
				ALWAYS_SEARCH_USER_PATHS = NO;
				ASSETCATALOG_COMPILER_GENERATE_SWIFT_ASSET_SYMBOL_EXTENSIONS = YES;
				CLANG_ANALYZER_NONNULL = YES;
				CLANG_ANALYZER_NUMBER_OBJECT_CONVERSION = YES_AGGRESSIVE;
				CLANG_CXX_LANGUAGE_STANDARD = "gnu++20";
				CLANG_ENABLE_MODULES = YES;
				CLANG_ENABLE_OBJC_ARC = YES;
				CLANG_ENABLE_OBJC_WEAK = YES;
				CLANG_WARN_BLOCK_CAPTURE_AUTORELEASING = YES;
				CLANG_WARN_BOOL_CONVERSION = YES;
				CLANG_WARN_COMMA = YES;
				CLANG_WARN_CONSTANT_CONVERSION = YES;
				CLANG_WARN_DEPRECATED_OBJC_IMPLEMENTATIONS = YES;
				CLANG_WARN_DIRECT_OBJC_ISA_USAGE = YES_ERROR;
				CLANG_WARN_DOCUMENTATION_COMMENTS = YES;
				CLANG_WARN_EMPTY_BODY = YES;
				CLANG_WARN_ENUM_CONVERSION = YES;
				CLANG_WARN_INFINITE_RECURSION = YES;
				CLANG_WARN_INT_CONVERSION = YES;
				CLANG_WARN_NON_LITERAL_NULL_CONVERSION = YES;
				CLANG_WARN_OBJC_IMPLICIT_RETAIN_SELF = YES;
				CLANG_WARN_OBJC_LITERAL_CONVERSION = YES;
				CLANG_WARN_OBJC_ROOT_CLASS = YES_ERROR;
				CLANG_WARN_QUOTED_INCLUDE_IN_FRAMEWORK_HEADER = YES;
				CLANG_WARN_RANGE_LOOP_ANALYSIS = YES;
				CLANG_WARN_STRICT_PROTOTYPES = YES;
				CLANG_WARN_SUSPICIOUS_MOVE = YES;
				CLANG_WARN_UNGUARDED_AVAILABILITY = YES_AGGRESSIVE;
				CLANG_WARN_UNREACHABLE_CODE = YES;
				CLANG_WARN__DUPLICATE_METHOD_MATCH = YES;
				COPY_PHASE_STRIP = NO;
				DEBUG_INFORMATION_FORMAT = "dwarf-with-dsym";
				ENABLE_NS_ASSERTIONS = NO;
				ENABLE_STRICT_OBJC_MSGSEND = YES;
				ENABLE_USER_SCRIPT_SANDBOXING = YES;
				GCC_C_LANGUAGE_STANDARD = gnu17;
				GCC_NO_COMMON_BLOCKS = YES;
				GCC_WARN_64_TO_32_BIT_CONVERSION = YES;
				GCC_WARN_ABOUT_RETURN_TYPE = YES_ERROR;
				GCC_WARN_UNDECLARED_SELECTOR = YES;
				GCC_WARN_UNINITIALIZED_AUTOS = YES_AGGRESSIVE;
				GCC_WARN_UNUSED_FUNCTION = YES;
				GCC_WARN_UNUSED_VARIABLE = YES;
				IPHONEOS_DEPLOYMENT_TARGET = 17.4;
				LOCALIZATION_PREFERS_STRING_CATALOGS = YES;
				MTL_ENABLE_DEBUG_INFO = NO;
				MTL_FAST_MATH = YES;
				SDKROOT = iphoneos;
				SWIFT_COMPILATION_MODE = wholemodule;
				VALIDATE_PRODUCT = YES;
			};
			name = Release;
		};
		87F8EF7C2CC8F2B300F4DA11 /* Debug */ = {
			isa = XCBuildConfiguration;
			buildSettings = {
				ASSETCATALOG_COMPILER_APPICON_NAME = AppIcon;
				ASSETCATALOG_COMPILER_GLOBAL_ACCENT_COLOR_NAME = AccentColor;
				CODE_SIGN_STYLE = Automatic;
				CURRENT_PROJECT_VERSION = 1;
				GENERATE_INFOPLIST_FILE = YES;
				INFOPLIST_FILE = simple_clock/Info.plist;
				INFOPLIST_KEY_UIApplicationSupportsIndirectInputEvents = YES;
				INFOPLIST_KEY_UILaunchStoryboardName = LaunchScreen;
				INFOPLIST_KEY_UIMainStoryboardFile = Main;
				INFOPLIST_KEY_UISupportedInterfaceOrientations = "UIInterfaceOrientationLandscapeLeft UIInterfaceOrientationLandscapeRight UIInterfaceOrientationPortrait";
				INFOPLIST_KEY_UISupportedInterfaceOrientations_iPad = "UIInterfaceOrientationLandscapeLeft UIInterfaceOrientationLandscapeRight UIInterfaceOrientationPortrait UIInterfaceOrientationPortraitUpsideDown";
				LD_RUNPATH_SEARCH_PATHS = (
					"$(inherited)",
					"@executable_path/Frameworks",
				);
				MARKETING_VERSION = 1.0;
				PRODUCT_BUNDLE_IDENTIFIER = "newwave.simple-clock";
				PRODUCT_NAME = "$(TARGET_NAME)";
				SWIFT_EMIT_LOC_STRINGS = YES;
				SWIFT_VERSION = 5.0;
				TARGETED_DEVICE_FAMILY = "1,2";
			};
			name = Debug;
		};
		87F8EF7D2CC8F2B300F4DA11 /* Release */ = {
			isa = XCBuildConfiguration;
			buildSettings = {
				ASSETCATALOG_COMPILER_APPICON_NAME = AppIcon;
				ASSETCATALOG_COMPILER_GLOBAL_ACCENT_COLOR_NAME = AccentColor;
				CODE_SIGN_STYLE = Automatic;
				CURRENT_PROJECT_VERSION = 1;
				GENERATE_INFOPLIST_FILE = YES;
				INFOPLIST_FILE = simple_clock/Info.plist;
				INFOPLIST_KEY_UIApplicationSupportsIndirectInputEvents = YES;
				INFOPLIST_KEY_UILaunchStoryboardName = LaunchScreen;
				INFOPLIST_KEY_UIMainStoryboardFile = Main;
				INFOPLIST_KEY_UISupportedInterfaceOrientations = "UIInterfaceOrientationLandscapeLeft UIInterfaceOrientationLandscapeRight UIInterfaceOrientationPortrait";
				INFOPLIST_KEY_UISupportedInterfaceOrientations_iPad = "UIInterfaceOrientationLandscapeLeft UIInterfaceOrientationLandscapeRight UIInterfaceOrientationPortrait UIInterfaceOrientationPortraitUpsideDown";
				LD_RUNPATH_SEARCH_PATHS = (
					"$(inherited)",
					"@executable_path/Frameworks",
				);
				MARKETING_VERSION = 1.0;
				PRODUCT_BUNDLE_IDENTIFIER = "newwave.simple-clock";
				PRODUCT_NAME = "$(TARGET_NAME)";
				SWIFT_EMIT_LOC_STRINGS = YES;
				SWIFT_VERSION = 5.0;
				TARGETED_DEVICE_FAMILY = "1,2";
			};
			name = Release;
		};
		87F8EF7F2CC8F2B300F4DA11 /* Debug */ = {
			isa = XCBuildConfiguration;
			buildSettings = {
				ALWAYS_EMBED_SWIFT_STANDARD_LIBRARIES = YES;
				BUNDLE_LOADER = "$(TEST_HOST)";
				CODE_SIGN_STYLE = Automatic;
				CURRENT_PROJECT_VERSION = 1;
				GENERATE_INFOPLIST_FILE = YES;
				IPHONEOS_DEPLOYMENT_TARGET = 17.4;
				MARKETING_VERSION = 1.0;
				PRODUCT_BUNDLE_IDENTIFIER = "newwave.simple-clockTests";
				PRODUCT_NAME = "$(TARGET_NAME)";
				SWIFT_EMIT_LOC_STRINGS = NO;
				SWIFT_VERSION = 5.0;
				TARGETED_DEVICE_FAMILY = "1,2";
				TEST_HOST = "$(BUILT_PRODUCTS_DIR)/simple_clock.app/$(BUNDLE_EXECUTABLE_FOLDER_PATH)/simple_clock";
			};
			name = Debug;
		};
		87F8EF802CC8F2B300F4DA11 /* Release */ = {
			isa = XCBuildConfiguration;
			buildSettings = {
				ALWAYS_EMBED_SWIFT_STANDARD_LIBRARIES = YES;
				BUNDLE_LOADER = "$(TEST_HOST)";
				CODE_SIGN_STYLE = Automatic;
				CURRENT_PROJECT_VERSION = 1;
				GENERATE_INFOPLIST_FILE = YES;
				IPHONEOS_DEPLOYMENT_TARGET = 17.4;
				MARKETING_VERSION = 1.0;
				PRODUCT_BUNDLE_IDENTIFIER = "newwave.simple-clockTests";
				PRODUCT_NAME = "$(TARGET_NAME)";
				SWIFT_EMIT_LOC_STRINGS = NO;
				SWIFT_VERSION = 5.0;
				TARGETED_DEVICE_FAMILY = "1,2";
				TEST_HOST = "$(BUILT_PRODUCTS_DIR)/simple_clock.app/$(BUNDLE_EXECUTABLE_FOLDER_PATH)/simple_clock";
			};
			name = Release;
		};
		87F8EF822CC8F2B300F4DA11 /* Debug */ = {
			isa = XCBuildConfiguration;
			buildSettings = {
				ALWAYS_EMBED_SWIFT_STANDARD_LIBRARIES = YES;
				CODE_SIGN_STYLE = Automatic;
				CURRENT_PROJECT_VERSION = 1;
				GENERATE_INFOPLIST_FILE = YES;
				MARKETING_VERSION = 1.0;
				PRODUCT_BUNDLE_IDENTIFIER = "newwave.simple-clockUITests";
				PRODUCT_NAME = "$(TARGET_NAME)";
				SWIFT_EMIT_LOC_STRINGS = NO;
				SWIFT_VERSION = 5.0;
				TARGETED_DEVICE_FAMILY = "1,2";
				TEST_TARGET_NAME = simple_clock;
			};
			name = Debug;
		};
		87F8EF832CC8F2B300F4DA11 /* Release */ = {
			isa = XCBuildConfiguration;
			buildSettings = {
				ALWAYS_EMBED_SWIFT_STANDARD_LIBRARIES = YES;
				CODE_SIGN_STYLE = Automatic;
				CURRENT_PROJECT_VERSION = 1;
				GENERATE_INFOPLIST_FILE = YES;
				MARKETING_VERSION = 1.0;
				PRODUCT_BUNDLE_IDENTIFIER = "newwave.simple-clockUITests";
				PRODUCT_NAME = "$(TARGET_NAME)";
				SWIFT_EMIT_LOC_STRINGS = NO;
				SWIFT_VERSION = 5.0;
				TARGETED_DEVICE_FAMILY = "1,2";
				TEST_TARGET_NAME = simple_clock;
			};
			name = Release;
		};
/* End XCBuildConfiguration section */

/* Begin XCConfigurationList section */
		87F8EF4C2CC8F2B200F4DA11 /* Build configuration list for PBXProject "simple_clock" */ = {
			isa = XCConfigurationList;
			buildConfigurations = (
				87F8EF792CC8F2B300F4DA11 /* Debug */,
				87F8EF7A2CC8F2B300F4DA11 /* Release */,
			);
			defaultConfigurationIsVisible = 0;
			defaultConfigurationName = Release;
		};
		87F8EF7B2CC8F2B300F4DA11 /* Build configuration list for PBXNativeTarget "simple_clock" */ = {
			isa = XCConfigurationList;
			buildConfigurations = (
				87F8EF7C2CC8F2B300F4DA11 /* Debug */,
				87F8EF7D2CC8F2B300F4DA11 /* Release */,
			);
			defaultConfigurationIsVisible = 0;
			defaultConfigurationName = Release;
		};
		87F8EF7E2CC8F2B300F4DA11 /* Build configuration list for PBXNativeTarget "simple_clockTests" */ = {
			isa = XCConfigurationList;
			buildConfigurations = (
				87F8EF7F2CC8F2B300F4DA11 /* Debug */,
				87F8EF802CC8F2B300F4DA11 /* Release */,
			);
			defaultConfigurationIsVisible = 0;
			defaultConfigurationName = Release;
		};
		87F8EF812CC8F2B300F4DA11 /* Build configuration list for PBXNativeTarget "simple_clockUITests" */ = {
			isa = XCConfigurationList;
			buildConfigurations = (
				87F8EF822CC8F2B300F4DA11 /* Debug */,
				87F8EF832CC8F2B300F4DA11 /* Release */,
			);
			defaultConfigurationIsVisible = 0;
			defaultConfigurationName = Release;
		};
/* End XCConfigurationList section */
	};
	rootObject = 87F8EF492CC8F2B200F4DA11 /* Project object */;
}
